
Microsoft Visual Studio Solution File, Format Version 12.00
# Visual Studio Version 16
VisualStudioVersion = 16.0.32228.343
MinimumVisualStudioVersion = 10.0.40219.1
Project("{2150E333-8FDC-42A3-9474-1A3956D46DE8}") = "Presentation", "Presentation", "{90486383-41E1-4C36-9C04-4C2E96362D16}"
EndProject
Project("{9A19103F-16F7-4668-BE54-9A1E7A4F7556}") = "BookCave.UI", "Presentation\BookCave.UI\BookCave.UI.csproj", "{5B36C1E5-0D31-46AE-9CF6-B726BD7F640E}"
EndProject
Project("{2150E333-8FDC-42A3-9474-1A3956D46DE8}") = "Core", "Core", "{8987C724-3F3C-42F2-AE33-FD91E88FA750}"
EndProject
Project("{2150E333-8FDC-42A3-9474-1A3956D46DE8}") = "Infrastructure", "Infrastructure", "{13E6D718-3E46-453F-8F31-DFB3AEA7B8FA}"
EndProject
Project("{9A19103F-16F7-4668-BE54-9A1E7A4F7556}") = "BookCave.Domain", "Core\BookCave.Domain\BookCave.Domain.csproj", "{76350A97-B5C8-4994-B603-876FA2F87DCE}"
EndProject
Project("{9A19103F-16F7-4668-BE54-9A1E7A4F7556}") = "BookCave.Application", "Core\BookCave.Application\BookCave.Application.csproj", "{390D2760-4445-4C81-A837-56CA6665FD2B}"
EndProject
Project("{9A19103F-16F7-4668-BE54-9A1E7A4F7556}") = "BookCave.Persistance", "Infrastructure\BookCave.Persistance\BookCave.Persistance.csproj", "{6DA42510-5645-4A3B-BCC8-5FB4EF93DCE8}"
EndProject
Project("{2150E333-8FDC-42A3-9474-1A3956D46DE8}") = "Solution Files", "Solution Files", "{DCDA243E-5881-4338-9467-9D0F5E8AB3B7}"
	ProjectSection(SolutionItems) = preProject
		main_page.png = main_page.png
		README.md = README.md
	EndProjectSection
EndProject
Global
	GlobalSection(SolutionConfigurationPlatforms) = preSolution
		Debug|Any CPU = Debug|Any CPU
		Release|Any CPU = Release|Any CPU
	EndGlobalSection
	GlobalSection(ProjectConfigurationPlatforms) = postSolution
		{5B36C1E5-0D31-46AE-9CF6-B726BD7F640E}.Debug|Any CPU.ActiveCfg = Debug|Any CPU
		{5B36C1E5-0D31-46AE-9CF6-B726BD7F640E}.Debug|Any CPU.Build.0 = Debug|Any CPU
		{5B36C1E5-0D31-46AE-9CF6-B726BD7F640E}.Release|Any CPU.ActiveCfg = Release|Any CPU
		{5B36C1E5-0D31-46AE-9CF6-B726BD7F640E}.Release|Any CPU.Build.0 = Release|Any CPU
		{76350A97-B5C8-4994-B603-876FA2F87DCE}.Debug|Any CPU.ActiveCfg = Debug|Any CPU
		{76350A97-B5C8-4994-B603-876FA2F87DCE}.Debug|Any CPU.Build.0 = Debug|Any CPU
		{76350A97-B5C8-4994-B603-876FA2F87DCE}.Release|Any CPU.ActiveCfg = Release|Any CPU
		{76350A97-B5C8-4994-B603-876FA2F87DCE}.Release|Any CPU.Build.0 = Release|Any CPU
		{390D2760-4445-4C81-A837-56CA6665FD2B}.Debug|Any CPU.ActiveCfg = Debug|Any CPU
		{390D2760-4445-4C81-A837-56CA6665FD2B}.Debug|Any CPU.Build.0 = Debug|Any CPU
		{390D2760-4445-4C81-A837-56CA6665FD2B}.Release|Any CPU.ActiveCfg = Release|Any CPU
		{390D2760-4445-4C81-A837-56CA6665FD2B}.Release|Any CPU.Build.0 = Release|Any CPU
		{6DA42510-5645-4A3B-BCC8-5FB4EF93DCE8}.Debug|Any CPU.ActiveCfg = Debug|Any CPU
		{6DA42510-5645-4A3B-BCC8-5FB4EF93DCE8}.Debug|Any CPU.Build.0 = Debug|Any CPU
		{6DA42510-5645-4A3B-BCC8-5FB4EF93DCE8}.Release|Any CPU.ActiveCfg = Release|Any CPU
		{6DA42510-5645-4A3B-BCC8-5FB4EF93DCE8}.Release|Any CPU.Build.0 = Release|Any CPU
	EndGlobalSection
	GlobalSection(SolutionProperties) = preSolution
		HideSolutionNode = FALSE
	EndGlobalSection
	GlobalSection(NestedProjects) = preSolution
		{5B36C1E5-0D31-46AE-9CF6-B726BD7F640E} = {90486383-41E1-4C36-9C04-4C2E96362D16}
		{76350A97-B5C8-4994-B603-876FA2F87DCE} = {8987C724-3F3C-42F2-AE33-FD91E88FA750}
		{390D2760-4445-4C81-A837-56CA6665FD2B} = {8987C724-3F3C-42F2-AE33-FD91E88FA750}
		{6DA42510-5645-4A3B-BCC8-5FB4EF93DCE8} = {13E6D718-3E46-453F-8F31-DFB3AEA7B8FA}
	EndGlobalSection
	GlobalSection(ExtensibilityGlobals) = postSolution
		SolutionGuid = {33818079-C4BA-4D52-94A0-1917D0A2EE00}
	EndGlobalSection
EndGlobal
